
Microsoft Visual Studio Solution File, Format Version 12.00
# Visual Studio Version 16
VisualStudioVersion = 16.0.31729.503
MinimumVisualStudioVersion = 10.0.40219.1
Project("{F184B08F-C81C-45F6-A57F-5ABD9991F28F}") = "Brighetti", "Magazzino\Brighetti.vbproj", "{CD3E3B84-F7F6-4E4C-8C2F-2AE9A0ACC4D5}"
EndProject
Global
	GlobalSection(SolutionConfigurationPlatforms) = preSolution
		Debug|Any CPU = Debug|Any CPU
		Release|Any CPU = Release|Any CPU
	EndGlobalSection
	GlobalSection(ProjectConfigurationPlatforms) = postSolution
		{CD3E3B84-F7F6-4E4C-8C2F-2AE9A0ACC4D5}.Debug|Any CPU.ActiveCfg = Debug|Any CPU
		{CD3E3B84-F7F6-4E4C-8C2F-2AE9A0ACC4D5}.Debug|Any CPU.Build.0 = Debug|Any CPU
		{CD3E3B84-F7F6-4E4C-8C2F-2AE9A0ACC4D5}.Release|Any CPU.ActiveCfg = Release|Any CPU
		{CD3E3B84-F7F6-4E4C-8C2F-2AE9A0ACC4D5}.Release|Any CPU.Build.0 = Release|Any CPU
	EndGlobalSection
	GlobalSection(SolutionProperties) = preSolution
		HideSolutionNode = FALSE
	EndGlobalSection
	GlobalSection(ExtensibilityGlobals) = postSolution
		SolutionGuid = {CF57E455-7AD8-451F-9FD6-E1AA24E470FE}
	EndGlobalSection
EndGlobal
